// !$*UTF8*$!
{
	archiveVersion = 1;
	classes = {
	};
	objectVersion = 46;
	objects = {

/* Begin PBXBuildFile section */
		845767A80ADC471400D69CBB /* SampleTool.c in Sources */ = {isa = PBXBuildFile; fileRef = 845767000ADC312500D69CBB /* SampleTool.c */; };
		845767A90ADC471D00D69CBB /* CoreFoundation.framework in Frameworks */ = {isa = PBXBuildFile; fileRef = 09AB6884FE841BABC02AAC07 /* CoreFoundation.framework */; };
		845767AA0ADC471D00D69CBB /* Security.framework in Frameworks */ = {isa = PBXBuildFile; fileRef = 84D6DDDB0AD302A2001E6F67 /* Security.framework */; };
		845767B00ADC4AF500D69CBB /* BetterAuthorizationSampleLib.c in Sources */ = {isa = PBXBuildFile; fileRef = 84D6DD960AD2F84F001E6F67 /* BetterAuthorizationSampleLib.c */; };
		AE0EF22F111DA83E00BF7528 /* menu_item_inverted.png in Resources */ = {isa = PBXBuildFile; fileRef = AE0EF22D111DA83E00BF7528 /* menu_item_inverted.png */; };
		AE0EF230111DA83E00BF7528 /* menu_item.png in Resources */ = {isa = PBXBuildFile; fileRef = AE0EF22E111DA83E00BF7528 /* menu_item.png */; };
		AE0EF232111DA85700BF7528 /* waker.icns in Resources */ = {isa = PBXBuildFile; fileRef = AE0EF231111DA85700BF7528 /* waker.icns */; };
		AE14D535105581C100A21E6F /* IOKit.framework in Frameworks */ = {isa = PBXBuildFile; fileRef = AE14D534105581C100A21E6F /* IOKit.framework */; };
		AE14D575105594BE00A21E6F /* MainMenu.xib in Resources */ = {isa = PBXBuildFile; fileRef = AE14D574105594BE00A21E6F /* MainMenu.xib */; };
		AE14D57F1055967300A21E6F /* AppKit.framework in Frameworks */ = {isa = PBXBuildFile; fileRef = AE14D57E1055967300A21E6F /* AppKit.framework */; };
		AE14D6941056D30900A21E6F /* main.m in Sources */ = {isa = PBXBuildFile; fileRef = AE14D6931056D30900A21E6F /* main.m */; };
		AE14D69D1056D3F200A21E6F /* ObjcBridge.m in Sources */ = {isa = PBXBuildFile; fileRef = AE14D69C1056D3F200A21E6F /* ObjcBridge.m */; };
		AE2276D7107FD376000751A1 /* NSBezierPath_BLTRExtensions.m in Sources */ = {isa = PBXBuildFile; fileRef = AE2276CA107FD376000751A1 /* NSBezierPath_BLTRExtensions.m */; };
		AE2276D8107FD376000751A1 /* NSColor_QSModifications.m in Sources */ = {isa = PBXBuildFile; fileRef = AE2276CC107FD376000751A1 /* NSColor_QSModifications.m */; };
		AE2276D9107FD376000751A1 /* NSUserDefaults_BLTRExtensions.m in Sources */ = {isa = PBXBuildFile; fileRef = AE2276CE107FD376000751A1 /* NSUserDefaults_BLTRExtensions.m */; };
		AE2276DA107FD376000751A1 /* QSBezelBackgroundView.m in Sources */ = {isa = PBXBuildFile; fileRef = AE2276D0107FD376000751A1 /* QSBezelBackgroundView.m */; };
		AE2276DB107FD376000751A1 /* QSGlobalSelectionProvider.m in Sources */ = {isa = PBXBuildFile; fileRef = AE2276D2107FD376000751A1 /* QSGlobalSelectionProvider.m */; };
		AE2276DC107FD376000751A1 /* QSLargeTypeDisplay.m in Sources */ = {isa = PBXBuildFile; fileRef = AE2276D4107FD376000751A1 /* QSLargeTypeDisplay.m */; };
		AE2276DD107FD376000751A1 /* QSShading.m in Sources */ = {isa = PBXBuildFile; fileRef = AE2276D6107FD376000751A1 /* QSShading.m */; };
		AE2276F9107FD4D7000751A1 /* AudioToolbox.framework in Frameworks */ = {isa = PBXBuildFile; fileRef = AE2276F8107FD4D7000751A1 /* AudioToolbox.framework */; };
		AE385CD512E38B00007DC86A /* alarm_close.png in Resources */ = {isa = PBXBuildFile; fileRef = AE385CD412E38B00007DC86A /* alarm_close.png */; };
		AE385CE712E38DE9007DC86A /* alarm_close_pushed.png in Resources */ = {isa = PBXBuildFile; fileRef = AE385CE612E38DE9007DC86A /* alarm_close_pushed.png */; };
		AE3B0D1012E4E4310064BCB1 /* AppleRemote.m in Sources */ = {isa = PBXBuildFile; fileRef = AE3B0D0B12E4E4300064BCB1 /* AppleRemote.m */; };
		AE3B0D1112E4E4310064BCB1 /* HIDRemoteControlDevice.m in Sources */ = {isa = PBXBuildFile; fileRef = AE3B0D0D12E4E4300064BCB1 /* HIDRemoteControlDevice.m */; };
		AE3B0D1212E4E4310064BCB1 /* RemoteControl.m in Sources */ = {isa = PBXBuildFile; fileRef = AE3B0D0F12E4E4300064BCB1 /* RemoteControl.m */; };
		AE430DFA12BE0BF000D1F8C3 /* IOKit.framework in Frameworks */ = {isa = PBXBuildFile; fileRef = AE14D534105581C100A21E6F /* IOKit.framework */; };
		AE53EBCC12D7B92600CE0181 /* left_arrow.png in Resources */ = {isa = PBXBuildFile; fileRef = AE53EBCB12D7B92600CE0181 /* left_arrow.png */; };
		AE53EBCE12D7B9F400CE0181 /* right_arrow.png in Resources */ = {isa = PBXBuildFile; fileRef = AE53EBCD12D7B9F400CE0181 /* right_arrow.png */; };
		AE53F0C312D9D8C200CE0181 /* RoundCloseButton.m in Sources */ = {isa = PBXBuildFile; fileRef = AE53F0C212D9D8C200CE0181 /* RoundCloseButton.m */; };
		AE53F0CC12D9D95200CE0181 /* hud_titlebar-close-dark.tiff in Resources */ = {isa = PBXBuildFile; fileRef = AE53F0CA12D9D95200CE0181 /* hud_titlebar-close-dark.tiff */; };
		AE53F14D12D9E48C00CE0181 /* MAAttachedWindow.m in Sources */ = {isa = PBXBuildFile; fileRef = AE53F14C12D9E48C00CE0181 /* MAAttachedWindow.m */; };
		AE8353561823E3D600885485 /* waker.m in Sources */ = {isa = PBXBuildFile; fileRef = AE8353551823E3D600885485 /* waker.m */; };
		AE83535A1823F3BA00885485 /* NSDate+NSDate_Humane.m in Sources */ = {isa = PBXBuildFile; fileRef = AE8353591823F3BA00885485 /* NSDate+NSDate_Humane.m */; };
		AE83535E1826AE1000885485 /* CalendarStore.framework in Frameworks */ = {isa = PBXBuildFile; fileRef = AE83535D1826AE1000885485 /* CalendarStore.framework */; };
		AE9730B22528E92F00403679 /* EventKit.framework in Frameworks */ = {isa = PBXBuildFile; fileRef = AE9730B12528E92F00403679 /* EventKit.framework */; };
		AEA5B7DD18299372003BD23E /* backup.mp3 in Resources */ = {isa = PBXBuildFile; fileRef = AEA5B7DC18299372003BD23E /* backup.mp3 */; };
		AEA5B7DF182AE3C3003BD23E /* iTunesLibrary.framework in Frameworks */ = {isa = PBXBuildFile; fileRef = AEA5B7DE182AE3C3003BD23E /* iTunesLibrary.framework */; };
		AEA7DCA71820379500470F2E /* CalendarView.m in Sources */ = {isa = PBXBuildFile; fileRef = AEA7DCA61820379500470F2E /* CalendarView.m */; };
		AEA7DCAA1822F38600470F2E /* transformers.m in Sources */ = {isa = PBXBuildFile; fileRef = AEA7DCA91822F38600470F2E /* transformers.m */; };
		AEA7DCAC1823BD9600470F2E /* Waker_AppDelegate.m in Sources */ = {isa = PBXBuildFile; fileRef = AEA7DCAB1823BD9600470F2E /* Waker_AppDelegate.m */; };
		AEBA352A12DBD63100ECE48E /* white waker.png in Resources */ = {isa = PBXBuildFile; fileRef = AEBA352912DBD63100ECE48E /* white waker.png */; };
		AEBA353612DBD8F600ECE48E /* shading.png in Resources */ = {isa = PBXBuildFile; fileRef = AEBA353512DBD8F600ECE48E /* shading.png */; };
		AEBA86C5182F86F800ED272E /* CoreAudio.framework in Frameworks */ = {isa = PBXBuildFile; fileRef = AEBA86C4182F86F800ED272E /* CoreAudio.framework */; };
		AECDA00814F92664006CA324 /* NSButton+TextColor.m in Sources */ = {isa = PBXBuildFile; fileRef = AECDA00714F92664006CA324 /* NSButton+TextColor.m */; };
		AEFD66381081276F004D71CE /* waker.xcdatamodel in Sources */ = {isa = PBXBuildFile; fileRef = AEFD66371081276F004D71CE /* waker.xcdatamodel */; };
		E42F4A740B13443B00A50F72 /* WakerPrompts.strings in Resources */ = {isa = PBXBuildFile; fileRef = E42F4A730B13443B00A50F72 /* WakerPrompts.strings */; };
		E449EC830B619E4B009E190A /* BetterAuthorizationSampleLibInstallTool.c in Sources */ = {isa = PBXBuildFile; fileRef = E449EC820B619E4B009E190A /* BetterAuthorizationSampleLibInstallTool.c */; };
		E4BBC2760B69194B00DC1BB6 /* InstallTool in CopyFiles */ = {isa = PBXBuildFile; fileRef = E449EC6E0B619E02009E190A /* InstallTool */; };
		E4F1F1960B0DD65D003CDB5F /* SampleCommon.c in Sources */ = {isa = PBXBuildFile; fileRef = E4F1F1940B0DD65D003CDB5F /* SampleCommon.c */; };
		E4F1F2FE0B0DED0C003CDB5F /* Cocoa.framework in Frameworks */ = {isa = PBXBuildFile; fileRef = E4F1F2FD0B0DED0C003CDB5F /* Cocoa.framework */; };
		E4F1F3560B0DED94003CDB5F /* Security.framework in Frameworks */ = {isa = PBXBuildFile; fileRef = 84D6DDDB0AD302A2001E6F67 /* Security.framework */; };
		E4F1F3580B0DED9F003CDB5F /* BetterAuthorizationSampleLib.c in Sources */ = {isa = PBXBuildFile; fileRef = 84D6DD960AD2F84F001E6F67 /* BetterAuthorizationSampleLib.c */; };
		E4F1F4BB0B0E11EE003CDB5F /* SampleCommon.c in Sources */ = {isa = PBXBuildFile; fileRef = E4F1F1940B0DD65D003CDB5F /* SampleCommon.c */; };
		E4F1F56A0B0E17D5003CDB5F /* HelperTool in CopyFiles */ = {isa = PBXBuildFile; fileRef = 845767A60ADC470900D69CBB /* HelperTool */; };
/* End PBXBuildFile section */

/* Begin PBXContainerItemProxy section */
		E4BBC26E0B69192100DC1BB6 /* PBXContainerItemProxy */ = {
			isa = PBXContainerItemProxy;
			containerPortal = 08FB7793FE84155DC02AAC07 /* Project object */;
			proxyType = 1;
			remoteGlobalIDString = E449EC630B619E02009E190A;
			remoteInfo = InstallTool;
		};
		E4F1F4CB0B0E1218003CDB5F /* PBXContainerItemProxy */ = {
			isa = PBXContainerItemProxy;
			containerPortal = 08FB7793FE84155DC02AAC07 /* Project object */;
			proxyType = 1;
			remoteGlobalIDString = 845767A50ADC470900D69CBB;
			remoteInfo = Tool;
		};
/* End PBXContainerItemProxy section */

/* Begin PBXCopyFilesBuildPhase section */
		E4F1F5640B0E17C8003CDB5F /* CopyFiles */ = {
			isa = PBXCopyFilesBuildPhase;
			buildActionMask = 2147483647;
			dstPath = "";
			dstSubfolderSpec = 6;
			files = (
				E4F1F56A0B0E17D5003CDB5F /* HelperTool in CopyFiles */,
				E4BBC2760B69194B00DC1BB6 /* InstallTool in CopyFiles */,
			);
			runOnlyForDeploymentPostprocessing = 0;
		};
/* End PBXCopyFilesBuildPhase section */

/* Begin PBXFileReference section */
		09AB6884FE841BABC02AAC07 /* CoreFoundation.framework */ = {isa = PBXFileReference; lastKnownFileType = wrapper.framework; name = CoreFoundation.framework; path = /System/Library/Frameworks/CoreFoundation.framework; sourceTree = "<absolute>"; };
		845767000ADC312500D69CBB /* SampleTool.c */ = {isa = PBXFileReference; fileEncoding = 4; lastKnownFileType = sourcecode.c.c; path = SampleTool.c; sourceTree = "<group>"; };
		845767A60ADC470900D69CBB /* HelperTool */ = {isa = PBXFileReference; explicitFileType = "compiled.mach-o.executable"; includeInIndex = 0; path = HelperTool; sourceTree = BUILT_PRODUCTS_DIR; };
		84D6DD950AD2F84F001E6F67 /* BetterAuthorizationSampleLib.h */ = {isa = PBXFileReference; fileEncoding = 4; lastKnownFileType = sourcecode.c.h; path = BetterAuthorizationSampleLib.h; sourceTree = "<group>"; };
		84D6DD960AD2F84F001E6F67 /* BetterAuthorizationSampleLib.c */ = {isa = PBXFileReference; fileEncoding = 4; lastKnownFileType = sourcecode.c.c; path = BetterAuthorizationSampleLib.c; sourceTree = "<group>"; };
		84D6DDDB0AD302A2001E6F67 /* Security.framework */ = {isa = PBXFileReference; lastKnownFileType = wrapper.framework; name = Security.framework; path = /System/Library/Frameworks/Security.framework; sourceTree = "<absolute>"; };
		AE0EF22D111DA83E00BF7528 /* menu_item_inverted.png */ = {isa = PBXFileReference; lastKnownFileType = image.png; path = menu_item_inverted.png; sourceTree = "<group>"; };
		AE0EF22E111DA83E00BF7528 /* menu_item.png */ = {isa = PBXFileReference; lastKnownFileType = image.png; path = menu_item.png; sourceTree = "<group>"; };
		AE0EF231111DA85700BF7528 /* waker.icns */ = {isa = PBXFileReference; lastKnownFileType = image.icns; path = waker.icns; sourceTree = "<group>"; };
		AE14D534105581C100A21E6F /* IOKit.framework */ = {isa = PBXFileReference; lastKnownFileType = wrapper.framework; name = IOKit.framework; path = System/Library/Frameworks/IOKit.framework; sourceTree = SDKROOT; };
		AE14D574105594BE00A21E6F /* MainMenu.xib */ = {isa = PBXFileReference; lastKnownFileType = file.xib; path = MainMenu.xib; sourceTree = "<group>"; };
		AE14D57E1055967300A21E6F /* AppKit.framework */ = {isa = PBXFileReference; lastKnownFileType = wrapper.framework; name = AppKit.framework; path = /System/Library/Frameworks/AppKit.framework; sourceTree = "<absolute>"; };
		AE14D6931056D30900A21E6F /* main.m */ = {isa = PBXFileReference; fileEncoding = 4; lastKnownFileType = sourcecode.c.objc; path = main.m; sourceTree = "<group>"; };
		AE14D69B1056D3F200A21E6F /* ObjcBridge.h */ = {isa = PBXFileReference; fileEncoding = 4; lastKnownFileType = sourcecode.c.h; path = ObjcBridge.h; sourceTree = "<group>"; };
		AE14D69C1056D3F200A21E6F /* ObjcBridge.m */ = {isa = PBXFileReference; fileEncoding = 4; lastKnownFileType = sourcecode.c.objc; path = ObjcBridge.m; sourceTree = "<group>"; };
		AE2276C9107FD376000751A1 /* NSBezierPath_BLTRExtensions.h */ = {isa = PBXFileReference; fileEncoding = 4; lastKnownFileType = sourcecode.c.h; path = NSBezierPath_BLTRExtensions.h; sourceTree = "<group>"; };
		AE2276CA107FD376000751A1 /* NSBezierPath_BLTRExtensions.m */ = {isa = PBXFileReference; fileEncoding = 4; lastKnownFileType = sourcecode.c.objc; path = NSBezierPath_BLTRExtensions.m; sourceTree = "<group>"; };
		AE2276CB107FD376000751A1 /* NSColor_QSModifications.h */ = {isa = PBXFileReference; fileEncoding = 4; lastKnownFileType = sourcecode.c.h; path = NSColor_QSModifications.h; sourceTree = "<group>"; };
		AE2276CC107FD376000751A1 /* NSColor_QSModifications.m */ = {isa = PBXFileReference; fileEncoding = 4; lastKnownFileType = sourcecode.c.objc; path = NSColor_QSModifications.m; sourceTree = "<group>"; };
		AE2276CD107FD376000751A1 /* NSUserDefaults_BLTRExtensions.h */ = {isa = PBXFileReference; fileEncoding = 4; lastKnownFileType = sourcecode.c.h; path = NSUserDefaults_BLTRExtensions.h; sourceTree = "<group>"; };
		AE2276CE107FD376000751A1 /* NSUserDefaults_BLTRExtensions.m */ = {isa = PBXFileReference; fileEncoding = 4; lastKnownFileType = sourcecode.c.objc; path = NSUserDefaults_BLTRExtensions.m; sourceTree = "<group>"; };
		AE2276CF107FD376000751A1 /* QSBezelBackgroundView.h */ = {isa = PBXFileReference; fileEncoding = 4; lastKnownFileType = sourcecode.c.h; path = QSBezelBackgroundView.h; sourceTree = "<group>"; };
		AE2276D0107FD376000751A1 /* QSBezelBackgroundView.m */ = {isa = PBXFileReference; fileEncoding = 4; lastKnownFileType = sourcecode.c.objc; path = QSBezelBackgroundView.m; sourceTree = "<group>"; };
		AE2276D1107FD376000751A1 /* QSGlobalSelectionProvider.h */ = {isa = PBXFileReference; fileEncoding = 4; lastKnownFileType = sourcecode.c.h; path = QSGlobalSelectionProvider.h; sourceTree = "<group>"; };
		AE2276D2107FD376000751A1 /* QSGlobalSelectionProvider.m */ = {isa = PBXFileReference; fileEncoding = 4; lastKnownFileType = sourcecode.c.objc; path = QSGlobalSelectionProvider.m; sourceTree = "<group>"; };
		AE2276D3107FD376000751A1 /* QSLargeTypeDisplay.h */ = {isa = PBXFileReference; fileEncoding = 4; lastKnownFileType = sourcecode.c.h; path = QSLargeTypeDisplay.h; sourceTree = "<group>"; };
		AE2276D4107FD376000751A1 /* QSLargeTypeDisplay.m */ = {isa = PBXFileReference; fileEncoding = 4; lastKnownFileType = sourcecode.c.objc; path = QSLargeTypeDisplay.m; sourceTree = "<group>"; };
		AE2276D5107FD376000751A1 /* QSShading.h */ = {isa = PBXFileReference; fileEncoding = 4; lastKnownFileType = sourcecode.c.h; path = QSShading.h; sourceTree = "<group>"; };
		AE2276D6107FD376000751A1 /* QSShading.m */ = {isa = PBXFileReference; fileEncoding = 4; lastKnownFileType = sourcecode.c.objc; path = QSShading.m; sourceTree = "<group>"; };
		AE2276F8107FD4D7000751A1 /* AudioToolbox.framework */ = {isa = PBXFileReference; lastKnownFileType = wrapper.framework; name = AudioToolbox.framework; path = /System/Library/Frameworks/AudioToolbox.framework; sourceTree = "<absolute>"; };
		AE385CD412E38B00007DC86A /* alarm_close.png */ = {isa = PBXFileReference; lastKnownFileType = image.png; path = alarm_close.png; sourceTree = "<group>"; };
		AE385CE612E38DE9007DC86A /* alarm_close_pushed.png */ = {isa = PBXFileReference; lastKnownFileType = image.png; path = alarm_close_pushed.png; sourceTree = "<group>"; };
		AE3B0D0A12E4E4300064BCB1 /* AppleRemote.h */ = {isa = PBXFileReference; fileEncoding = 4; lastKnownFileType = sourcecode.c.h; path = AppleRemote.h; sourceTree = "<group>"; };
		AE3B0D0B12E4E4300064BCB1 /* AppleRemote.m */ = {isa = PBXFileReference; fileEncoding = 4; lastKnownFileType = sourcecode.c.objc; path = AppleRemote.m; sourceTree = "<group>"; };
		AE3B0D0C12E4E4300064BCB1 /* HIDRemoteControlDevice.h */ = {isa = PBXFileReference; fileEncoding = 4; lastKnownFileType = sourcecode.c.h; path = HIDRemoteControlDevice.h; sourceTree = "<group>"; };
		AE3B0D0D12E4E4300064BCB1 /* HIDRemoteControlDevice.m */ = {isa = PBXFileReference; fileEncoding = 4; lastKnownFileType = sourcecode.c.objc; path = HIDRemoteControlDevice.m; sourceTree = "<group>"; };
		AE3B0D0E12E4E4300064BCB1 /* RemoteControl.h */ = {isa = PBXFileReference; fileEncoding = 4; lastKnownFileType = sourcecode.c.h; path = RemoteControl.h; sourceTree = "<group>"; };
		AE3B0D0F12E4E4300064BCB1 /* RemoteControl.m */ = {isa = PBXFileReference; fileEncoding = 4; lastKnownFileType = sourcecode.c.objc; path = RemoteControl.m; sourceTree = "<group>"; };
		AE53EBCB12D7B92600CE0181 /* left_arrow.png */ = {isa = PBXFileReference; lastKnownFileType = image.png; path = left_arrow.png; sourceTree = "<group>"; };
		AE53EBCD12D7B9F400CE0181 /* right_arrow.png */ = {isa = PBXFileReference; lastKnownFileType = image.png; path = right_arrow.png; sourceTree = "<group>"; };
		AE53F0C112D9D8C200CE0181 /* RoundCloseButton.h */ = {isa = PBXFileReference; fileEncoding = 4; lastKnownFileType = sourcecode.c.h; path = RoundCloseButton.h; sourceTree = "<group>"; };
		AE53F0C212D9D8C200CE0181 /* RoundCloseButton.m */ = {isa = PBXFileReference; fileEncoding = 4; lastKnownFileType = sourcecode.c.objc; path = RoundCloseButton.m; sourceTree = "<group>"; };
		AE53F0CA12D9D95200CE0181 /* hud_titlebar-close-dark.tiff */ = {isa = PBXFileReference; lastKnownFileType = image.tiff; path = "hud_titlebar-close-dark.tiff"; sourceTree = "<group>"; };
		AE53F14B12D9E48C00CE0181 /* MAAttachedWindow.h */ = {isa = PBXFileReference; fileEncoding = 4; lastKnownFileType = sourcecode.c.h; path = MAAttachedWindow.h; sourceTree = "<group>"; };
		AE53F14C12D9E48C00CE0181 /* MAAttachedWindow.m */ = {isa = PBXFileReference; fileEncoding = 4; lastKnownFileType = sourcecode.c.objc; path = MAAttachedWindow.m; sourceTree = "<group>"; };
		AE8353551823E3D600885485 /* waker.m */ = {isa = PBXFileReference; fileEncoding = 4; lastKnownFileType = sourcecode.c.objc; path = waker.m; sourceTree = "<group>"; };
		AE8353571823EECA00885485 /* waker.h */ = {isa = PBXFileReference; lastKnownFileType = sourcecode.c.h; path = waker.h; sourceTree = "<group>"; };
		AE8353581823F3BA00885485 /* NSDate+NSDate_Humane.h */ = {isa = PBXFileReference; fileEncoding = 4; lastKnownFileType = sourcecode.c.h; path = "NSDate+NSDate_Humane.h"; sourceTree = "<group>"; };
		AE8353591823F3BA00885485 /* NSDate+NSDate_Humane.m */ = {isa = PBXFileReference; fileEncoding = 4; lastKnownFileType = sourcecode.c.objc; path = "NSDate+NSDate_Humane.m"; sourceTree = "<group>"; };
		AE83535B182532E600885485 /* transformers.h */ = {isa = PBXFileReference; fileEncoding = 4; lastKnownFileType = sourcecode.c.h; path = transformers.h; sourceTree = "<group>"; };
		AE83535C18253A9F00885485 /* Waker_AppDelegate.h */ = {isa = PBXFileReference; lastKnownFileType = sourcecode.c.h; path = Waker_AppDelegate.h; sourceTree = "<group>"; };
		AE83535D1826AE1000885485 /* CalendarStore.framework */ = {isa = PBXFileReference; lastKnownFileType = wrapper.framework; name = CalendarStore.framework; path = System/Library/Frameworks/CalendarStore.framework; sourceTree = SDKROOT; };
		AE9730B12528E92F00403679 /* EventKit.framework */ = {isa = PBXFileReference; lastKnownFileType = wrapper.framework; name = EventKit.framework; path = System/Library/Frameworks/EventKit.framework; sourceTree = SDKROOT; };
		AEA5B7DC18299372003BD23E /* backup.mp3 */ = {isa = PBXFileReference; lastKnownFileType = audio.mp3; path = backup.mp3; sourceTree = "<group>"; };
		AEA5B7DE182AE3C3003BD23E /* iTunesLibrary.framework */ = {isa = PBXFileReference; lastKnownFileType = wrapper.framework; name = iTunesLibrary.framework; path = ../../../../Library/Frameworks/iTunesLibrary.framework; sourceTree = "<group>"; };
		AEA7DCA61820379500470F2E /* CalendarView.m */ = {isa = PBXFileReference; fileEncoding = 4; lastKnownFileType = sourcecode.c.objc; path = CalendarView.m; sourceTree = "<group>"; };
		AEA7DCA818203BA500470F2E /* CalendarView.h */ = {isa = PBXFileReference; lastKnownFileType = sourcecode.c.h; path = CalendarView.h; sourceTree = "<group>"; };
		AEA7DCA91822F38600470F2E /* transformers.m */ = {isa = PBXFileReference; fileEncoding = 4; lastKnownFileType = sourcecode.c.objc; path = transformers.m; sourceTree = "<group>"; };
		AEA7DCAB1823BD9600470F2E /* Waker_AppDelegate.m */ = {isa = PBXFileReference; fileEncoding = 4; lastKnownFileType = sourcecode.c.objc; path = Waker_AppDelegate.m; sourceTree = "<group>"; };
		AEBA352912DBD63100ECE48E /* white waker.png */ = {isa = PBXFileReference; lastKnownFileType = image.png; path = "white waker.png"; sourceTree = "<group>"; };
		AEBA353512DBD8F600ECE48E /* shading.png */ = {isa = PBXFileReference; lastKnownFileType = image.png; path = shading.png; sourceTree = "<group>"; };
		AEBA86C2182F86DC00ED272E /* CoreMedia.framework */ = {isa = PBXFileReference; lastKnownFileType = wrapper.framework; name = CoreMedia.framework; path = System/Library/Frameworks/CoreMedia.framework; sourceTree = SDKROOT; };
		AEBA86C4182F86F800ED272E /* CoreAudio.framework */ = {isa = PBXFileReference; lastKnownFileType = wrapper.framework; name = CoreAudio.framework; path = System/Library/Frameworks/CoreAudio.framework; sourceTree = SDKROOT; };
		AECDA00614F92664006CA324 /* NSButton+TextColor.h */ = {isa = PBXFileReference; fileEncoding = 4; lastKnownFileType = sourcecode.c.h; path = "NSButton+TextColor.h"; sourceTree = "<group>"; };
		AECDA00714F92664006CA324 /* NSButton+TextColor.m */ = {isa = PBXFileReference; fileEncoding = 4; lastKnownFileType = sourcecode.c.objc; path = "NSButton+TextColor.m"; sourceTree = "<group>"; };
		AEFD66371081276F004D71CE /* waker.xcdatamodel */ = {isa = PBXFileReference; fileEncoding = 4; lastKnownFileType = wrapper.xcdatamodel; path = waker.xcdatamodel; sourceTree = "<group>"; };
		E42F4C260B13656200A50F72 /* en */ = {isa = PBXFileReference; fileEncoding = 4; lastKnownFileType = text.plist.strings; name = en; path = en.lproj/WakerPrompts.strings; sourceTree = "<group>"; };
		E449EC6E0B619E02009E190A /* InstallTool */ = {isa = PBXFileReference; explicitFileType = "compiled.mach-o.executable"; includeInIndex = 0; path = InstallTool; sourceTree = BUILT_PRODUCTS_DIR; };
		E449EC820B619E4B009E190A /* BetterAuthorizationSampleLibInstallTool.c */ = {isa = PBXFileReference; fileEncoding = 4; lastKnownFileType = sourcecode.c.c; path = BetterAuthorizationSampleLibInstallTool.c; sourceTree = "<group>"; };
		E4F1F1940B0DD65D003CDB5F /* SampleCommon.c */ = {isa = PBXFileReference; fileEncoding = 30; lastKnownFileType = sourcecode.c.c; path = SampleCommon.c; sourceTree = "<group>"; };
		E4F1F1950B0DD65D003CDB5F /* SampleCommon.h */ = {isa = PBXFileReference; fileEncoding = 30; lastKnownFileType = sourcecode.c.h; path = SampleCommon.h; sourceTree = "<group>"; };
		E4F1F2BE0B0DECA3003CDB5F /* Waker.app */ = {isa = PBXFileReference; explicitFileType = wrapper.application; includeInIndex = 0; path = Waker.app; sourceTree = BUILT_PRODUCTS_DIR; };
		E4F1F2C00B0DECA3003CDB5F /* Info.plist */ = {isa = PBXFileReference; fileEncoding = 4; lastKnownFileType = text.plist.xml; path = Info.plist; sourceTree = "<group>"; };
		E4F1F2FD0B0DED0C003CDB5F /* Cocoa.framework */ = {isa = PBXFileReference; lastKnownFileType = wrapper.framework; name = Cocoa.framework; path = /System/Library/Frameworks/Cocoa.framework; sourceTree = "<absolute>"; };
/* End PBXFileReference section */

/* Begin PBXFrameworksBuildPhase section */
		845767A40ADC470900D69CBB /* Frameworks */ = {
			isa = PBXFrameworksBuildPhase;
			buildActionMask = 2147483647;
			files = (
				845767A90ADC471D00D69CBB /* CoreFoundation.framework in Frameworks */,
				845767AA0ADC471D00D69CBB /* Security.framework in Frameworks */,
				AE14D535105581C100A21E6F /* IOKit.framework in Frameworks */,
			);
			runOnlyForDeploymentPostprocessing = 0;
		};
		E449EC680B619E02009E190A /* Frameworks */ = {
			isa = PBXFrameworksBuildPhase;
			buildActionMask = 2147483647;
			files = (
			);
			runOnlyForDeploymentPostprocessing = 0;
		};
		E4F1F2BC0B0DECA3003CDB5F /* Frameworks */ = {
			isa = PBXFrameworksBuildPhase;
			buildActionMask = 2147483647;
			files = (
				AEBA86C5182F86F800ED272E /* CoreAudio.framework in Frameworks */,
				AE9730B22528E92F00403679 /* EventKit.framework in Frameworks */,
				AEA5B7DF182AE3C3003BD23E /* iTunesLibrary.framework in Frameworks */,
				AE83535E1826AE1000885485 /* CalendarStore.framework in Frameworks */,
				E4F1F3560B0DED94003CDB5F /* Security.framework in Frameworks */,
				E4F1F2FE0B0DED0C003CDB5F /* Cocoa.framework in Frameworks */,
				AE14D57F1055967300A21E6F /* AppKit.framework in Frameworks */,
				AE2276F9107FD4D7000751A1 /* AudioToolbox.framework in Frameworks */,
				AE430DFA12BE0BF000D1F8C3 /* IOKit.framework in Frameworks */,
			);
			runOnlyForDeploymentPostprocessing = 0;
		};
/* End PBXFrameworksBuildPhase section */

/* Begin PBXGroup section */
		08FB7794FE84155DC02AAC07 /* BetterAuthorizationSample */ = {
			isa = PBXGroup;
			children = (
				AEBA86C4182F86F800ED272E /* CoreAudio.framework */,
				AEBA86C2182F86DC00ED272E /* CoreMedia.framework */,
				AEA5B7DE182AE3C3003BD23E /* iTunesLibrary.framework */,
				AE83535D1826AE1000885485 /* CalendarStore.framework */,
				AE8353581823F3BA00885485 /* NSDate+NSDate_Humane.h */,
				AE8353591823F3BA00885485 /* NSDate+NSDate_Humane.m */,
				AECDA00614F92664006CA324 /* NSButton+TextColor.h */,
				AECDA00714F92664006CA324 /* NSButton+TextColor.m */,
				AEA7DCA61820379500470F2E /* CalendarView.m */,
				AEA7DCA818203BA500470F2E /* CalendarView.h */,
				AEFD66371081276F004D71CE /* waker.xcdatamodel */,
				AE14D6931056D30900A21E6F /* main.m */,
				AE14D69B1056D3F200A21E6F /* ObjcBridge.h */,
				AE14D69C1056D3F200A21E6F /* ObjcBridge.m */,
				845767000ADC312500D69CBB /* SampleTool.c */,
				E4F1F1950B0DD65D003CDB5F /* SampleCommon.h */,
				E4F1F1940B0DD65D003CDB5F /* SampleCommon.c */,
				AEA7DCA91822F38600470F2E /* transformers.m */,
				AE83535B182532E600885485 /* transformers.h */,
				AE8353551823E3D600885485 /* waker.m */,
				AE8353571823EECA00885485 /* waker.h */,
				AEA7DCAB1823BD9600470F2E /* Waker_AppDelegate.m */,
				AE83535C18253A9F00885485 /* Waker_AppDelegate.h */,
				AE53F0C112D9D8C200CE0181 /* RoundCloseButton.h */,
				AE53F0C212D9D8C200CE0181 /* RoundCloseButton.m */,
				AE53F14B12D9E48C00CE0181 /* MAAttachedWindow.h */,
				AE53F14C12D9E48C00CE0181 /* MAAttachedWindow.m */,
				AE3B0D0912E4E4300064BCB1 /* remote */,
				AE2276C8107FD376000751A1 /* QuickSilver */,
				AE14D576105594D100A21E6F /* Resources */,
				08FB7795FE84155DC02AAC07 /* Reusable Library */,
				08FB779DFE84155DC02AAC07 /* External Frameworks and Libraries */,
				19C28FBDFE9D53C911CA2CBB /* Products */,
				AE14D534105581C100A21E6F /* IOKit.framework */,
				AE2276F8107FD4D7000751A1 /* AudioToolbox.framework */,
				AE9730B02528E92E00403679 /* Frameworks */,
			);
			name = BetterAuthorizationSample;
			sourceTree = "<group>";
		};
		08FB7795FE84155DC02AAC07 /* Reusable Library */ = {
			isa = PBXGroup;
			children = (
				84D6DD950AD2F84F001E6F67 /* BetterAuthorizationSampleLib.h */,
				84D6DD960AD2F84F001E6F67 /* BetterAuthorizationSampleLib.c */,
				E449EC820B619E4B009E190A /* BetterAuthorizationSampleLibInstallTool.c */,
			);
			name = "Reusable Library";
			sourceTree = "<group>";
		};
		08FB779DFE84155DC02AAC07 /* External Frameworks and Libraries */ = {
			isa = PBXGroup;
			children = (
				09AB6884FE841BABC02AAC07 /* CoreFoundation.framework */,
				84D6DDDB0AD302A2001E6F67 /* Security.framework */,
				AE14D57E1055967300A21E6F /* AppKit.framework */,
				E4F1F2FD0B0DED0C003CDB5F /* Cocoa.framework */,
			);
			name = "External Frameworks and Libraries";
			sourceTree = "<group>";
		};
		19C28FBDFE9D53C911CA2CBB /* Products */ = {
			isa = PBXGroup;
			children = (
				845767A60ADC470900D69CBB /* HelperTool */,
				E4F1F2BE0B0DECA3003CDB5F /* Waker.app */,
				E449EC6E0B619E02009E190A /* InstallTool */,
			);
			name = Products;
			sourceTree = "<group>";
		};
		AE14D576105594D100A21E6F /* Resources */ = {
			isa = PBXGroup;
			children = (
				AEA5B7DC18299372003BD23E /* backup.mp3 */,
				AE385CD412E38B00007DC86A /* alarm_close.png */,
				AE385CE612E38DE9007DC86A /* alarm_close_pushed.png */,
				AEBA353512DBD8F600ECE48E /* shading.png */,
				AEBA352912DBD63100ECE48E /* white waker.png */,
				AE53F0CA12D9D95200CE0181 /* hud_titlebar-close-dark.tiff */,
				AE53EBCD12D7B9F400CE0181 /* right_arrow.png */,
				AE53EBCB12D7B92600CE0181 /* left_arrow.png */,
				AE0EF231111DA85700BF7528 /* waker.icns */,
				AE0EF22D111DA83E00BF7528 /* menu_item_inverted.png */,
				AE0EF22E111DA83E00BF7528 /* menu_item.png */,
				AE14D574105594BE00A21E6F /* MainMenu.xib */,
				E42F4A730B13443B00A50F72 /* WakerPrompts.strings */,
				E4F1F2C00B0DECA3003CDB5F /* Info.plist */,
			);
			name = Resources;
			sourceTree = "<group>";
		};
		AE2276C8107FD376000751A1 /* QuickSilver */ = {
			isa = PBXGroup;
			children = (
				AE2276C9107FD376000751A1 /* NSBezierPath_BLTRExtensions.h */,
				AE2276CA107FD376000751A1 /* NSBezierPath_BLTRExtensions.m */,
				AE2276CB107FD376000751A1 /* NSColor_QSModifications.h */,
				AE2276CC107FD376000751A1 /* NSColor_QSModifications.m */,
				AE2276CD107FD376000751A1 /* NSUserDefaults_BLTRExtensions.h */,
				AE2276CE107FD376000751A1 /* NSUserDefaults_BLTRExtensions.m */,
				AE2276CF107FD376000751A1 /* QSBezelBackgroundView.h */,
				AE2276D0107FD376000751A1 /* QSBezelBackgroundView.m */,
				AE2276D1107FD376000751A1 /* QSGlobalSelectionProvider.h */,
				AE2276D2107FD376000751A1 /* QSGlobalSelectionProvider.m */,
				AE2276D3107FD376000751A1 /* QSLargeTypeDisplay.h */,
				AE2276D4107FD376000751A1 /* QSLargeTypeDisplay.m */,
				AE2276D5107FD376000751A1 /* QSShading.h */,
				AE2276D6107FD376000751A1 /* QSShading.m */,
			);
			path = QuickSilver;
			sourceTree = "<group>";
		};
		AE3B0D0912E4E4300064BCB1 /* remote */ = {
			isa = PBXGroup;
			children = (
				AE3B0D0A12E4E4300064BCB1 /* AppleRemote.h */,
				AE3B0D0B12E4E4300064BCB1 /* AppleRemote.m */,
				AE3B0D0C12E4E4300064BCB1 /* HIDRemoteControlDevice.h */,
				AE3B0D0D12E4E4300064BCB1 /* HIDRemoteControlDevice.m */,
				AE3B0D0E12E4E4300064BCB1 /* RemoteControl.h */,
				AE3B0D0F12E4E4300064BCB1 /* RemoteControl.m */,
			);
			path = remote;
			sourceTree = "<group>";
		};
		AE9730B02528E92E00403679 /* Frameworks */ = {
			isa = PBXGroup;
			children = (
				AE9730B12528E92F00403679 /* EventKit.framework */,
			);
			name = Frameworks;
			sourceTree = "<group>";
		};
/* End PBXGroup section */

/* Begin PBXNativeTarget section */
		845767A50ADC470900D69CBB /* HelperTool */ = {
			isa = PBXNativeTarget;
			buildConfigurationList = 845767AC0ADC474C00D69CBB /* Build configuration list for PBXNativeTarget "HelperTool" */;
			buildPhases = (
				845767A30ADC470900D69CBB /* Sources */,
				845767A40ADC470900D69CBB /* Frameworks */,
			);
			buildRules = (
			);
			dependencies = (
			);
			name = HelperTool;
			productName = com.apple.dts.BetterAuthorizationSample.tool;
			productReference = 845767A60ADC470900D69CBB /* HelperTool */;
			productType = "com.apple.product-type.tool";
		};
		E449EC630B619E02009E190A /* InstallTool */ = {
			isa = PBXNativeTarget;
			buildConfigurationList = E449EC6B0B619E02009E190A /* Build configuration list for PBXNativeTarget "InstallTool" */;
			buildPhases = (
				E449EC640B619E02009E190A /* Sources */,
				E449EC680B619E02009E190A /* Frameworks */,
			);
			buildRules = (
			);
			dependencies = (
			);
			name = InstallTool;
			productName = com.apple.dts.BetterAuthorizationSample.tool;
			productReference = E449EC6E0B619E02009E190A /* InstallTool */;
			productType = "com.apple.product-type.tool";
		};
		E4F1F2BD0B0DECA3003CDB5F /* Waker */ = {
			isa = PBXNativeTarget;
			buildConfigurationList = E4F1F2C10B0DECA3003CDB5F /* Build configuration list for PBXNativeTarget "Waker" */;
			buildPhases = (
				E4F1F2BA0B0DECA3003CDB5F /* Resources */,
				E4F1F2BB0B0DECA3003CDB5F /* Sources */,
				E4F1F2BC0B0DECA3003CDB5F /* Frameworks */,
				E4F1F5640B0E17C8003CDB5F /* CopyFiles */,
			);
			buildRules = (
			);
			dependencies = (
				E4F1F4CC0B0E1218003CDB5F /* PBXTargetDependency */,
				E4BBC26F0B69192100DC1BB6 /* PBXTargetDependency */,
			);
			name = Waker;
			productName = App;
			productReference = E4F1F2BE0B0DECA3003CDB5F /* Waker.app */;
			productType = "com.apple.product-type.application";
		};
/* End PBXNativeTarget section */

/* Begin PBXProject section */
		08FB7793FE84155DC02AAC07 /* Project object */ = {
			isa = PBXProject;
			attributes = {
				LastUpgradeCheck = 0500;
				TargetAttributes = {
					E4F1F2BD0B0DECA3003CDB5F = {
						DevelopmentTeam = B6FVY827P9;
						ProvisioningStyle = Automatic;
					};
				};
			};
			buildConfigurationList = 1DEB924B08733DCA0010E9CD /* Build configuration list for PBXProject "Waker" */;
			compatibilityVersion = "Xcode 3.2";
			developmentRegion = English;
			hasScannedForEncodings = 1;
			knownRegions = (
				English,
				Japanese,
				French,
				German,
				en,
			);
			mainGroup = 08FB7794FE84155DC02AAC07 /* BetterAuthorizationSample */;
			projectDirPath = "";
			projectRoot = "";
			targets = (
				E4F1F2BD0B0DECA3003CDB5F /* Waker */,
				845767A50ADC470900D69CBB /* HelperTool */,
				E449EC630B619E02009E190A /* InstallTool */,
			);
		};
/* End PBXProject section */

/* Begin PBXResourcesBuildPhase section */
		E4F1F2BA0B0DECA3003CDB5F /* Resources */ = {
			isa = PBXResourcesBuildPhase;
			buildActionMask = 2147483647;
			files = (
				E42F4A740B13443B00A50F72 /* WakerPrompts.strings in Resources */,
				AE14D575105594BE00A21E6F /* MainMenu.xib in Resources */,
				AE0EF22F111DA83E00BF7528 /* menu_item_inverted.png in Resources */,
				AE0EF230111DA83E00BF7528 /* menu_item.png in Resources */,
				AE0EF232111DA85700BF7528 /* waker.icns in Resources */,
				AE53EBCC12D7B92600CE0181 /* left_arrow.png in Resources */,
				AE53EBCE12D7B9F400CE0181 /* right_arrow.png in Resources */,
				AEA5B7DD18299372003BD23E /* backup.mp3 in Resources */,
				AE53F0CC12D9D95200CE0181 /* hud_titlebar-close-dark.tiff in Resources */,
				AEBA352A12DBD63100ECE48E /* white waker.png in Resources */,
				AEBA353612DBD8F600ECE48E /* shading.png in Resources */,
				AE385CD512E38B00007DC86A /* alarm_close.png in Resources */,
				AE385CE712E38DE9007DC86A /* alarm_close_pushed.png in Resources */,
			);
			runOnlyForDeploymentPostprocessing = 0;
		};
/* End PBXResourcesBuildPhase section */

/* Begin PBXSourcesBuildPhase section */
		845767A30ADC470900D69CBB /* Sources */ = {
			isa = PBXSourcesBuildPhase;
			buildActionMask = 2147483647;
			files = (
				845767A80ADC471400D69CBB /* SampleTool.c in Sources */,
				845767B00ADC4AF500D69CBB /* BetterAuthorizationSampleLib.c in Sources */,
				E4F1F1960B0DD65D003CDB5F /* SampleCommon.c in Sources */,
			);
			runOnlyForDeploymentPostprocessing = 0;
		};
		E449EC640B619E02009E190A /* Sources */ = {
			isa = PBXSourcesBuildPhase;
			buildActionMask = 2147483647;
			files = (
				E449EC830B619E4B009E190A /* BetterAuthorizationSampleLibInstallTool.c in Sources */,
			);
			runOnlyForDeploymentPostprocessing = 0;
		};
		E4F1F2BB0B0DECA3003CDB5F /* Sources */ = {
			isa = PBXSourcesBuildPhase;
			buildActionMask = 2147483647;
			files = (
				E4F1F3580B0DED9F003CDB5F /* BetterAuthorizationSampleLib.c in Sources */,
				E4F1F4BB0B0E11EE003CDB5F /* SampleCommon.c in Sources */,
				AE14D6941056D30900A21E6F /* main.m in Sources */,
				AE14D69D1056D3F200A21E6F /* ObjcBridge.m in Sources */,
				AE2276D7107FD376000751A1 /* NSBezierPath_BLTRExtensions.m in Sources */,
				AEA7DCAC1823BD9600470F2E /* Waker_AppDelegate.m in Sources */,
				AEA7DCA71820379500470F2E /* CalendarView.m in Sources */,
				AE2276D8107FD376000751A1 /* NSColor_QSModifications.m in Sources */,
				AE2276D9107FD376000751A1 /* NSUserDefaults_BLTRExtensions.m in Sources */,
				AE2276DA107FD376000751A1 /* QSBezelBackgroundView.m in Sources */,
				AE2276DB107FD376000751A1 /* QSGlobalSelectionProvider.m in Sources */,
				AE2276DC107FD376000751A1 /* QSLargeTypeDisplay.m in Sources */,
				AE8353561823E3D600885485 /* waker.m in Sources */,
				AEA7DCAA1822F38600470F2E /* transformers.m in Sources */,
				AE2276DD107FD376000751A1 /* QSShading.m in Sources */,
				AEFD66381081276F004D71CE /* waker.xcdatamodel in Sources */,
				AE83535A1823F3BA00885485 /* NSDate+NSDate_Humane.m in Sources */,
				AE53F0C312D9D8C200CE0181 /* RoundCloseButton.m in Sources */,
				AE53F14D12D9E48C00CE0181 /* MAAttachedWindow.m in Sources */,
				AE3B0D1012E4E4310064BCB1 /* AppleRemote.m in Sources */,
				AE3B0D1112E4E4310064BCB1 /* HIDRemoteControlDevice.m in Sources */,
				AE3B0D1212E4E4310064BCB1 /* RemoteControl.m in Sources */,
				AECDA00814F92664006CA324 /* NSButton+TextColor.m in Sources */,
			);
			runOnlyForDeploymentPostprocessing = 0;
		};
/* End PBXSourcesBuildPhase section */

/* Begin PBXTargetDependency section */
		E4BBC26F0B69192100DC1BB6 /* PBXTargetDependency */ = {
			isa = PBXTargetDependency;
			target = E449EC630B619E02009E190A /* InstallTool */;
			targetProxy = E4BBC26E0B69192100DC1BB6 /* PBXContainerItemProxy */;
		};
		E4F1F4CC0B0E1218003CDB5F /* PBXTargetDependency */ = {
			isa = PBXTargetDependency;
			target = 845767A50ADC470900D69CBB /* HelperTool */;
			targetProxy = E4F1F4CB0B0E1218003CDB5F /* PBXContainerItemProxy */;
		};
/* End PBXTargetDependency section */

/* Begin PBXVariantGroup section */
		E42F4A730B13443B00A50F72 /* WakerPrompts.strings */ = {
			isa = PBXVariantGroup;
			children = (
				E42F4C260B13656200A50F72 /* en */,
			);
			name = WakerPrompts.strings;
			sourceTree = "<group>";
		};
/* End PBXVariantGroup section */

/* Begin XCBuildConfiguration section */
		1DEB924C08733DCA0010E9CD /* Debug */ = {
			isa = XCBuildConfiguration;
			buildSettings = {
				COPY_PHASE_STRIP = NO;
				DEPLOYMENT_POSTPROCESSING = NO;
				GCC_DYNAMIC_NO_PIC = YES;
				GCC_ENABLE_FIX_AND_CONTINUE = YES;
				GCC_GENERATE_DEBUGGING_SYMBOLS = YES;
				GCC_OPTIMIZATION_LEVEL = 0;
				GCC_PREPROCESSOR_DEFINITIONS = "";
				GCC_WARN_ABOUT_MISSING_PROTOTYPES = YES;
				GCC_WARN_UNUSED_FUNCTION = YES;
				GCC_WARN_UNUSED_LABEL = YES;
				GCC_WARN_UNUSED_PARAMETER = YES;
				GCC_WARN_UNUSED_VALUE = YES;
				GCC_WARN_UNUSED_VARIABLE = YES;
				MACOSX_DEPLOYMENT_TARGET = 10.14;
				ONLY_ACTIVE_ARCH = YES;
				PREBINDING = NO;
				SDKROOT = macosx;
				VALID_ARCHS = "i386 x86_64";
				WARNING_CFLAGS = "-Wall";
			};
			name = Debug;
		};
		1DEB924D08733DCA0010E9CD /* Release */ = {
			isa = XCBuildConfiguration;
			buildSettings = {
				COPY_PHASE_STRIP = NO;
				DEBUG_INFORMATION_FORMAT = "dwarf-with-dsym";
				DEPLOYMENT_POSTPROCESSING = YES;
				GCC_DYNAMIC_NO_PIC = YES;
				GCC_ENABLE_FIX_AND_CONTINUE = NO;
				GCC_GENERATE_DEBUGGING_SYMBOLS = YES;
				GCC_OPTIMIZATION_LEVEL = s;
				GCC_PREPROCESSOR_DEFINITIONS = NDEBUG;
				GCC_WARN_ABOUT_MISSING_PROTOTYPES = YES;
				GCC_WARN_UNUSED_FUNCTION = YES;
				GCC_WARN_UNUSED_LABEL = YES;
				GCC_WARN_UNUSED_PARAMETER = YES;
				GCC_WARN_UNUSED_VALUE = YES;
				GCC_WARN_UNUSED_VARIABLE = YES;
				MACOSX_DEPLOYMENT_TARGET = 10.14;
				PREBINDING = NO;
				RUN_CLANG_STATIC_ANALYZER = YES;
				SDKROOT = macosx;
				VALID_ARCHS = "i386 x86_64";
				WARNING_CFLAGS = "-Wall";
			};
			name = Release;
		};
		845767AD0ADC474C00D69CBB /* Debug */ = {
			isa = XCBuildConfiguration;
			buildSettings = {
				PRODUCT_NAME = HelperTool;
				SDKROOT = macosx;
			};
			name = Debug;
		};
		845767AE0ADC474C00D69CBB /* Release */ = {
			isa = XCBuildConfiguration;
			buildSettings = {
				PRODUCT_NAME = HelperTool;
				SDKROOT = macosx;
			};
			name = Release;
		};
		E449EC6C0B619E02009E190A /* Debug */ = {
			isa = XCBuildConfiguration;
			buildSettings = {
				PRODUCT_NAME = InstallTool;
				SDKROOT = macosx;
			};
			name = Debug;
		};
		E449EC6D0B619E02009E190A /* Release */ = {
			isa = XCBuildConfiguration;
			buildSettings = {
				PRODUCT_NAME = InstallTool;
				SDKROOT = macosx;
			};
			name = Release;
		};
		E48AC8210C72046E000ED1FA /* Debug64 */ = {
			isa = XCBuildConfiguration;
			buildSettings = {
				PRODUCT_NAME = HelperTool;
				SDKROOT = macosx;
			};
			name = Debug64;
		};
		E48AC8220C72046E000ED1FA /* Debug64 */ = {
			isa = XCBuildConfiguration;
			buildSettings = {
				PRODUCT_NAME = InstallTool;
				SDKROOT = macosx;
			};
			name = Debug64;
		};
		E48AC8230C72046E000ED1FA /* Debug64 */ = {
			isa = XCBuildConfiguration;
			buildSettings = {
				CLANG_ENABLE_OBJC_ARC = YES;
				CODE_SIGN_IDENTITY = "Apple Development";
				CODE_SIGN_STYLE = Automatic;
				COMBINE_HIDPI_IMAGES = YES;
				DEVELOPMENT_TEAM = B6FVY827P9;
				INFOPLIST_FILE = Info.plist;
				PRODUCT_NAME = Waker;
				PROVISIONING_PROFILE_SPECIFIER = "";
				WRAPPER_EXTENSION = app;
			};
			name = Debug64;
		};
		E48AC8240C72046E000ED1FA /* Debug64 */ = {
			isa = XCBuildConfiguration;
			buildSettings = {
				COPY_PHASE_STRIP = NO;
				DEPLOYMENT_POSTPROCESSING = NO;
				GCC_DYNAMIC_NO_PIC = YES;
				GCC_ENABLE_FIX_AND_CONTINUE = YES;
				GCC_GENERATE_DEBUGGING_SYMBOLS = YES;
				GCC_OPTIMIZATION_LEVEL = 0;
				GCC_PREPROCESSOR_DEFINITIONS = "";
				GCC_WARN_ABOUT_MISSING_PROTOTYPES = YES;
				GCC_WARN_UNUSED_FUNCTION = YES;
				GCC_WARN_UNUSED_LABEL = YES;
				GCC_WARN_UNUSED_PARAMETER = YES;
				GCC_WARN_UNUSED_VALUE = YES;
				GCC_WARN_UNUSED_VARIABLE = YES;
				MACOSX_DEPLOYMENT_TARGET = 10.14;
				PREBINDING = NO;
				SDKROOT = macosx;
				VALID_ARCHS = "i386 x86_64";
				WARNING_CFLAGS = "-Wall";
			};
			name = Debug64;
		};
		E4F1F2C20B0DECA3003CDB5F /* Debug */ = {
			isa = XCBuildConfiguration;
			buildSettings = {
				CLANG_ENABLE_OBJC_ARC = YES;
				CODE_SIGN_IDENTITY = "Apple Development";
				CODE_SIGN_STYLE = Automatic;
				COMBINE_HIDPI_IMAGES = YES;
				DEVELOPMENT_TEAM = B6FVY827P9;
				INFOPLIST_FILE = Info.plist;
				PRODUCT_NAME = Waker;
				PROVISIONING_PROFILE_SPECIFIER = "";
				WRAPPER_EXTENSION = app;
			};
			name = Debug;
		};
		E4F1F2C30B0DECA3003CDB5F /* Release */ = {
			isa = XCBuildConfiguration;
			buildSettings = {
				CLANG_ENABLE_OBJC_ARC = YES;
				CODE_SIGN_IDENTITY = "Apple Development";
				CODE_SIGN_STYLE = Automatic;
				COMBINE_HIDPI_IMAGES = YES;
				DEVELOPMENT_TEAM = B6FVY827P9;
				INFOPLIST_FILE = Info.plist;
				PRODUCT_NAME = Waker;
				PROVISIONING_PROFILE_SPECIFIER = "";
				WRAPPER_EXTENSION = app;
			};
			name = Release;
		};
/* End XCBuildConfiguration section */

/* Begin XCConfigurationList section */
		1DEB924B08733DCA0010E9CD /* Build configuration list for PBXProject "Waker" */ = {
			isa = XCConfigurationList;
			buildConfigurations = (
				1DEB924C08733DCA0010E9CD /* Debug */,
				E48AC8240C72046E000ED1FA /* Debug64 */,
				1DEB924D08733DCA0010E9CD /* Release */,
			);
			defaultConfigurationIsVisible = 0;
			defaultConfigurationName = Debug;
		};
		845767AC0ADC474C00D69CBB /* Build configuration list for PBXNativeTarget "HelperTool" */ = {
			isa = XCConfigurationList;
			buildConfigurations = (
				845767AD0ADC474C00D69CBB /* Debug */,
				E48AC8210C72046E000ED1FA /* Debug64 */,
				845767AE0ADC474C00D69CBB /* Release */,
			);
			defaultConfigurationIsVisible = 0;
			defaultConfigurationName = Debug;
		};
		E449EC6B0B619E02009E190A /* Build configuration list for PBXNativeTarget "InstallTool" */ = {
			isa = XCConfigurationList;
			buildConfigurations = (
				E449EC6C0B619E02009E190A /* Debug */,
				E48AC8220C72046E000ED1FA /* Debug64 */,
				E449EC6D0B619E02009E190A /* Release */,
			);
			defaultConfigurationIsVisible = 0;
			defaultConfigurationName = Debug;
		};
		E4F1F2C10B0DECA3003CDB5F /* Build configuration list for PBXNativeTarget "Waker" */ = {
			isa = XCConfigurationList;
			buildConfigurations = (
				E4F1F2C20B0DECA3003CDB5F /* Debug */,
				E48AC8230C72046E000ED1FA /* Debug64 */,
				E4F1F2C30B0DECA3003CDB5F /* Release */,
			);
			defaultConfigurationIsVisible = 0;
			defaultConfigurationName = Debug;
		};
/* End XCConfigurationList section */
	};
	rootObject = 08FB7793FE84155DC02AAC07 /* Project object */;
}
